# THIS IS AN AUTOGENERATED FILE. DO NOT EDIT THIS FILE DIRECTLY.
# yarn lockfile v1


casual@^1.6.2:
  version "1.6.2"
  resolved "https://registry.yarnpkg.com/casual/-/casual-1.6.2.tgz#f56b87113ae99a6bba45e04bdfa068ca443f9e85"
  integrity sha512-NQObL800rg32KZ9bBajHbyDjxLXxxuShChQg7A4tbSeG3n1t7VYGOSkzFSI9gkSgOHp+xilEJ7G0L5l6M30KYA==
  dependencies:
    mersenne-twister "^1.0.1"
    moment "^2.15.2"

mersenne-twister@^1.0.1:
  version "1.1.0"
  resolved "https://registry.yarnpkg.com/mersenne-twister/-/mersenne-twister-1.1.0.tgz#f916618ee43d7179efcf641bec4531eb9670978a"
  integrity sha1-+RZhjuQ9cXnvz2Qb7EUx65Zwl4o=

moment@^2.15.2:
  version "2.26.0"
  resolved "https://registry.yarnpkg.com/moment/-/moment-2.26.0.tgz#5e1f82c6bafca6e83e808b30c8705eed0dcbd39a"
  integrity sha512-oIixUO+OamkUkwjhAVE18rAMfRJNsNe/Stid/gwHSOfHrOtw9EhAY2AHvdKZ/k/MggcYELFCJz/Sn2pL8b8JMw==

node-fetch@^2.6.0:
  version "2.6.0"
  resolved "https://registry.yarnpkg.com/node-fetch/-/node-fetch-2.6.0.tgz#e633456386d4aa55863f676a7ab0daa8fdecb0fd"
  integrity sha512-8dG4H5ujfvFiqDmVu9fQ5bOHUC15JMjMY/Zumv26oOvvVJjM67KF8koCWIabKQ1GJIa9r2mMZscBq/TbdOcmNA==
